GEM
  specs:
    bibtex-ruby (4.4.2)
      latex-decode (~> 0.0)
    citeproc (1.0.4)
      namae (~> 0.8)
    citeproc-ruby (1.1.4)
      citeproc (>= 1.0.4, < 2.0)
      csl (~> 1.4)
    colorator (1.1.0)
    csl (1.4.5)
      namae (~> 0.7)
    csl-styles (1.0.1.7)
      csl (~> 1.0)
    ffi (1.9.14)
    forwardable-extended (2.6.0)
    jekyll (3.2.1)
      colorator (~> 1.0)
      jekyll-sass-converter (~> 1.0)
      jekyll-watch (~> 1.1)
      kramdown (~> 1.3)
      liquid (~> 3.0)
      mercenary (~> 0.3.3)
      pathutil (~> 0.9)
      rouge (~> 1.7)
      safe_yaml (~> 1.0)
    jekyll-mermaid (1.0.0)
    jekyll-paginate (1.1.0)
    jekyll-sass-converter (1.4.0)
      sass (~> 3.4)
    jekyll-scholar (5.8.2)
      bibtex-ruby (~> 4.0, >= 4.0.13)
      citeproc-ruby (~> 1.0)
      csl-styles (~> 1.0)
      jekyll (~> 3.0)
    jekyll-watch (1.5.0)
      listen (~> 3.0, < 3.1)
    jekyll_figure (0.0.3)
    kramdown (1.12.0)
    latex-decode (0.2.2)
      unicode (~> 0.4)
    liquid (3.0.6)
    listen (3.0.5)
      rb-fsevent (>= 0.9.3)
      rb-inotify (>= 0.9)
    mercenary (0.3.6)
    namae (0.11.0)
    pathutil (0.14.0)
      forwardable-extended (~> 2.6)
    posix-spawn (0.3.11)
    pygments.rb (0.6.3)
      posix-spawn (~> 0.3.6)
      yajl-ruby (~> 1.2.0)
    rb-fsevent (0.9.7)
    rb-inotify (0.9.7)
      ffi (>= 0.5.0)
    rouge (1.9.0)
    safe_yaml (1.0.4)
    sass (3.4.22)
    unicode (0.4.4.2)
    yajl-ruby (1.2.1)

PLATFORMS
  ruby

DEPENDENCIES
  jekyll-mermaid
  jekyll-paginate
  jekyll-scholar
  jekyll-watch
  jekyll_figure (= 0.0.3)
  kramdown
  pygments.rb

BUNDLED WITH
   1.12.5
